
Microsoft Visual Studio Solution File, Format Version 12.00
# Visual Studio Version 17
VisualStudioVersion = 17.5.002.0
MinimumVisualStudioVersion = 10.0.40219.1
Project("{9A19103F-16F7-4668-BE54-9A1E7A4F7556}") = "NGram Test", "NGram Test.csproj", "{68656318-C8A1-4296-A862-6FCEC7C6E5D9}"
EndProject
Global
	GlobalSection(SolutionConfigurationPlatforms) = preSolution
		Debug|Any CPU = Debug|Any CPU
		Release|Any CPU = Release|Any CPU
	EndGlobalSection
	GlobalSection(ProjectConfigurationPlatforms) = postSolution
		{68656318-C8A1-4296-A862-6FCEC7C6E5D9}.Debug|Any CPU.ActiveCfg = Debug|Any CPU
		{68656318-C8A1-4296-A862-6FCEC7C6E5D9}.Debug|Any CPU.Build.0 = Debug|Any CPU
		{68656318-C8A1-4296-A862-6FCEC7C6E5D9}.Release|Any CPU.ActiveCfg = Release|Any CPU
		{68656318-C8A1-4296-A862-6FCEC7C6E5D9}.Release|Any CPU.Build.0 = Release|Any CPU
	EndGlobalSection
	GlobalSection(SolutionProperties) = preSolution
		HideSolutionNode = FALSE
	EndGlobalSection
	GlobalSection(ExtensibilityGlobals) = postSolution
		SolutionGuid = {9B9D3C46-EEAE-46E2-877C-B19143143874}
	EndGlobalSection
EndGlobal
